
Microsoft Visual Studio Solution File, Format Version 12.00
# Visual Studio Version 17
VisualStudioVersion = 17.8.34316.72
MinimumVisualStudioVersion = 10.0.40219.1
Project("{FAE04EC0-301F-11D3-BF4B-00C04F79EFBC}") = "mvc-final", "mvc-final\mvc-final.csproj", "{CE16C4C5-6C88-4D6F-8BCA-F94A074D0BF5}"
EndProject
Global
	GlobalSection(SolutionConfigurationPlatforms) = preSolution
		Debug|Any CPU = Debug|Any CPU
		Release|Any CPU = Release|Any CPU
	EndGlobalSection
	GlobalSection(ProjectConfigurationPlatforms) = postSolution
		{CE16C4C5-6C88-4D6F-8BCA-F94A074D0BF5}.Debug|Any CPU.ActiveCfg = Debug|Any CPU
		{CE16C4C5-6C88-4D6F-8BCA-F94A074D0BF5}.Debug|Any CPU.Build.0 = Debug|Any CPU
		{CE16C4C5-6C88-4D6F-8BCA-F94A074D0BF5}.Release|Any CPU.ActiveCfg = Release|Any CPU
		{CE16C4C5-6C88-4D6F-8BCA-F94A074D0BF5}.Release|Any CPU.Build.0 = Release|Any CPU
	EndGlobalSection
	GlobalSection(SolutionProperties) = preSolution
		HideSolutionNode = FALSE
	EndGlobalSection
	GlobalSection(ExtensibilityGlobals) = postSolution
		SolutionGuid = {2B7201B1-1DBA-446D-97EF-1F78F8B3A6E5}
	EndGlobalSection
EndGlobal
